{
  "name": "meal_manager",
  "version": "1.0.0",
  "lockfileVersion": 2,
  "requires": true,
  "packages": {
    "": {
      "name": "meal_manager",
      "version": "1.0.0",
      "license": "ISC",
      "dependencies": {
        "node-barcode": "^1.0.0"
      }
    },
    "node_modules/node-barcode": {
      "version": "1.0.0",
      "resolved": "https://registry.npmjs.org/node-barcode/-/node-barcode-1.0.0.tgz",
      "integrity": "sha512-PUua9Ml7Rm19ne087Js7ucI/06dA0KuJUlwpxWYXQGZuAgzxEUroxwEQg56fysF0KGb13g/ESzbGOf0OuzDI2g=="
    }
  },
  "dependencies": {
    "node-barcode": {
      "version": "1.0.0",
      "resolved": "https://registry.npmjs.org/node-barcode/-/node-barcode-1.0.0.tgz",
      "integrity": "sha512-PUua9Ml7Rm19ne087Js7ucI/06dA0KuJUlwpxWYXQGZuAgzxEUroxwEQg56fysF0KGb13g/ESzbGOf0OuzDI2g=="
    }
  }
}
